// !$*UTF8*$!
{
	archiveVersion = 1;
	classes = {
	};
	objectVersion = 46;
	objects = {

/* Begin PBXBuildFile section */
		7B5014D5147D194000531C94 /* UIViewController+MHSemiModal.m in Sources */ = {isa = PBXBuildFile; fileRef = 7B5014D4147D194000531C94 /* UIViewController+MHSemiModal.m */; };
		7BADB62214794DEC0006905E /* UIKit.framework in Frameworks */ = {isa = PBXBuildFile; fileRef = 7BADB62114794DEC0006905E /* UIKit.framework */; };
		7BADB62414794DEC0006905E /* Foundation.framework in Frameworks */ = {isa = PBXBuildFile; fileRef = 7BADB62314794DEC0006905E /* Foundation.framework */; };
		7BADB62614794DEC0006905E /* CoreGraphics.framework in Frameworks */ = {isa = PBXBuildFile; fileRef = 7BADB62514794DEC0006905E /* CoreGraphics.framework */; };
		7BADB62C14794DEC0006905E /* InfoPlist.strings in Resources */ = {isa = PBXBuildFile; fileRef = 7BADB62A14794DEC0006905E /* InfoPlist.strings */; };
		7BADB62E14794DEC0006905E /* main.m in Sources */ = {isa = PBXBuildFile; fileRef = 7BADB62D14794DEC0006905E /* main.m */; };
		7BADB63214794DED0006905E /* AppDelegate.m in Sources */ = {isa = PBXBuildFile; fileRef = 7BADB63114794DED0006905E /* AppDelegate.m */; };
		7BADB63514794DED0006905E /* ViewController.m in Sources */ = {isa = PBXBuildFile; fileRef = 7BADB63414794DED0006905E /* ViewController.m */; };
		7BADB63814794DED0006905E /* ViewController.xib in Resources */ = {isa = PBXBuildFile; fileRef = 7BADB63614794DED0006905E /* ViewController.xib */; };
		7BADB64614794E3E0006905E /* SecondViewController.m in Sources */ = {isa = PBXBuildFile; fileRef = 7BADB64414794E3E0006905E /* SecondViewController.m */; };
		7BADB64714794E3E0006905E /* SecondViewController.xib in Resources */ = {isa = PBXBuildFile; fileRef = 7BADB64514794E3E0006905E /* SecondViewController.xib */; };
/* End PBXBuildFile section */

/* Begin PBXFileReference section */
		7B5014D3147D194000531C94 /* UIViewController+MHSemiModal.h */ = {isa = PBXFileReference; fileEncoding = 4; lastKnownFileType = sourcecode.c.h; path = "UIViewController+MHSemiModal.h"; sourceTree = SOURCE_ROOT; };
		7B5014D4147D194000531C94 /* UIViewController+MHSemiModal.m */ = {isa = PBXFileReference; fileEncoding = 4; lastKnownFileType = sourcecode.c.objc; path = "UIViewController+MHSemiModal.m"; sourceTree = SOURCE_ROOT; };
		7BADB61D14794DEC0006905E /* Test.app */ = {isa = PBXFileReference; explicitFileType = wrapper.application; includeInIndex = 0; path = Test.app; sourceTree = BUILT_PRODUCTS_DIR; };
		7BADB62114794DEC0006905E /* UIKit.framework */ = {isa = PBXFileReference; lastKnownFileType = wrapper.framework; name = UIKit.framework; path = System/Library/Frameworks/UIKit.framework; sourceTree = SDKROOT; };
		7BADB62314794DEC0006905E /* Foundation.framework */ = {isa = PBXFileReference; lastKnownFileType = wrapper.framework; name = Foundation.framework; path = System/Library/Frameworks/Foundation.framework; sourceTree = SDKROOT; };
		7BADB62514794DEC0006905E /* CoreGraphics.framework */ = {isa = PBXFileReference; lastKnownFileType = wrapper.framework; name = CoreGraphics.framework; path = System/Library/Frameworks/CoreGraphics.framework; sourceTree = SDKROOT; };
		7BADB62914794DEC0006905E /* Test-Info.plist */ = {isa = PBXFileReference; lastKnownFileType = text.plist.xml; path = "Test-Info.plist"; sourceTree = "<group>"; };
		7BADB62B14794DEC0006905E /* en */ = {isa = PBXFileReference; lastKnownFileType = text.plist.strings; name = en; path = en.lproj/InfoPlist.strings; sourceTree = "<group>"; };
		7BADB62D14794DEC0006905E /* main.m */ = {isa = PBXFileReference; lastKnownFileType = sourcecode.c.objc; path = main.m; sourceTree = "<group>"; };
		7BADB62F14794DEC0006905E /* Test-Prefix.pch */ = {isa = PBXFileReference; lastKnownFileType = sourcecode.c.h; path = "Test-Prefix.pch"; sourceTree = "<group>"; };
		7BADB63014794DED0006905E /* AppDelegate.h */ = {isa = PBXFileReference; lastKnownFileType = sourcecode.c.h; path = AppDelegate.h; sourceTree = "<group>"; };
		7BADB63114794DED0006905E /* AppDelegate.m */ = {isa = PBXFileReference; lastKnownFileType = sourcecode.c.objc; path = AppDelegate.m; sourceTree = "<group>"; };
		7BADB63314794DED0006905E /* ViewController.h */ = {isa = PBXFileReference; lastKnownFileType = sourcecode.c.h; path = ViewController.h; sourceTree = "<group>"; };
		7BADB63414794DED0006905E /* ViewController.m */ = {isa = PBXFileReference; lastKnownFileType = sourcecode.c.objc; path = ViewController.m; sourceTree = "<group>"; };
		7BADB63714794DED0006905E /* en */ = {isa = PBXFileReference; lastKnownFileType = file.xib; name = en; path = en.lproj/ViewController.xib; sourceTree = "<group>"; };
		7BADB64314794E3E0006905E /* SecondViewController.h */ = {isa = PBXFileReference; fileEncoding = 4; lastKnownFileType = sourcecode.c.h; path = SecondViewController.h; sourceTree = "<group>"; };
		7BADB64414794E3E0006905E /* SecondViewController.m */ = {isa = PBXFileReference; fileEncoding = 4; lastKnownFileType = sourcecode.c.objc; path = SecondViewController.m; sourceTree = "<group>"; };
		7BADB64514794E3E0006905E /* SecondViewController.xib */ = {isa = PBXFileReference; fileEncoding = 4; lastKnownFileType = file.xib; path = SecondViewController.xib; sourceTree = "<group>"; };
/* End PBXFileReference section */

/* Begin PBXFrameworksBuildPhase section */
		7BADB61A14794DEC0006905E /* Frameworks */ = {
			isa = PBXFrameworksBuildPhase;
			buildActionMask = 2147483647;
			files = (
				7BADB62214794DEC0006905E /* UIKit.framework in Frameworks */,
				7BADB62414794DEC0006905E /* Foundation.framework in Frameworks */,
				7BADB62614794DEC0006905E /* CoreGraphics.framework in Frameworks */,
			);
			runOnlyForDeploymentPostprocessing = 0;
		};
/* End PBXFrameworksBuildPhase section */

/* Begin PBXGroup section */
		7BADB61214794DEC0006905E = {
			isa = PBXGroup;
			children = (
				7BADB62714794DEC0006905E /* Test */,
				7BADB62014794DEC0006905E /* Frameworks */,
				7BADB61E14794DEC0006905E /* Products */,
			);
			sourceTree = "<group>";
		};
		7BADB61E14794DEC0006905E /* Products */ = {
			isa = PBXGroup;
			children = (
				7BADB61D14794DEC0006905E /* Test.app */,
			);
			name = Products;
			sourceTree = "<group>";
		};
		7BADB62014794DEC0006905E /* Frameworks */ = {
			isa = PBXGroup;
			children = (
				7BADB62114794DEC0006905E /* UIKit.framework */,
				7BADB62314794DEC0006905E /* Foundation.framework */,
				7BADB62514794DEC0006905E /* CoreGraphics.framework */,
			);
			name = Frameworks;
			sourceTree = "<group>";
		};
		7BADB62714794DEC0006905E /* Test */ = {
			isa = PBXGroup;
			children = (
				7BADB63014794DED0006905E /* AppDelegate.h */,
				7BADB63114794DED0006905E /* AppDelegate.m */,
				7BADB64314794E3E0006905E /* SecondViewController.h */,
				7BADB64414794E3E0006905E /* SecondViewController.m */,
				7BADB64514794E3E0006905E /* SecondViewController.xib */,
				7BADB62814794DEC0006905E /* Supporting Files */,
				7B5014D3147D194000531C94 /* UIViewController+MHSemiModal.h */,
				7B5014D4147D194000531C94 /* UIViewController+MHSemiModal.m */,
				7BADB63314794DED0006905E /* ViewController.h */,
				7BADB63414794DED0006905E /* ViewController.m */,
				7BADB63614794DED0006905E /* ViewController.xib */,
			);
			path = Test;
			sourceTree = "<group>";
		};
		7BADB62814794DEC0006905E /* Supporting Files */ = {
			isa = PBXGroup;
			children = (
				7BADB62914794DEC0006905E /* Test-Info.plist */,
				7BADB62A14794DEC0006905E /* InfoPlist.strings */,
				7BADB62D14794DEC0006905E /* main.m */,
				7BADB62F14794DEC0006905E /* Test-Prefix.pch */,
			);
			name = "Supporting Files";
			sourceTree = "<group>";
		};
/* End PBXGroup section */

/* Begin PBXNativeTarget section */
		7BADB61C14794DEC0006905E /* Test */ = {
			isa = PBXNativeTarget;
			buildConfigurationList = 7BADB63B14794DED0006905E /* Build configuration list for PBXNativeTarget "Test" */;
			buildPhases = (
				7BADB61914794DEC0006905E /* Sources */,
				7BADB61A14794DEC0006905E /* Frameworks */,
				7BADB61B14794DEC0006905E /* Resources */,
			);
			buildRules = (
			);
			dependencies = (
			);
			name = Test;
			productName = Test;
			productReference = 7BADB61D14794DEC0006905E /* Test.app */;
			productType = "com.apple.product-type.application";
		};
/* End PBXNativeTarget section */

/* Begin PBXProject section */
		7BADB61414794DEC0006905E /* Project object */ = {
			isa = PBXProject;
			attributes = {
				LastUpgradeCheck = 0420;
				ORGANIZATIONNAME = Hollance;
			};
			buildConfigurationList = 7BADB61714794DEC0006905E /* Build configuration list for PBXProject "Test" */;
			compatibilityVersion = "Xcode 3.2";
			developmentRegion = English;
			hasScannedForEncodings = 0;
			knownRegions = (
				en,
			);
			mainGroup = 7BADB61214794DEC0006905E;
			productRefGroup = 7BADB61E14794DEC0006905E /* Products */;
			projectDirPath = "";
			projectRoot = "";
			targets = (
				7BADB61C14794DEC0006905E /* Test */,
			);
		};
/* End PBXProject section */

/* Begin PBXResourcesBuildPhase section */
		7BADB61B14794DEC0006905E /* Resources */ = {
			isa = PBXResourcesBuildPhase;
			buildActionMask = 2147483647;
			files = (
				7BADB62C14794DEC0006905E /* InfoPlist.strings in Resources */,
				7BADB63814794DED0006905E /* ViewController.xib in Resources */,
				7BADB64714794E3E0006905E /* SecondViewController.xib in Resources */,
			);
			runOnlyForDeploymentPostprocessing = 0;
		};
/* End PBXResourcesBuildPhase section */

/* Begin PBXSourcesBuildPhase section */
		7BADB61914794DEC0006905E /* Sources */ = {
			isa = PBXSourcesBuildPhase;
			buildActionMask = 2147483647;
			files = (
				7BADB62E14794DEC0006905E /* main.m in Sources */,
				7BADB63214794DED0006905E /* AppDelegate.m in Sources */,
				7BADB63514794DED0006905E /* ViewController.m in Sources */,
				7BADB64614794E3E0006905E /* SecondViewController.m in Sources */,
				7B5014D5147D194000531C94 /* UIViewController+MHSemiModal.m in Sources */,
			);
			runOnlyForDeploymentPostprocessing = 0;
		};
/* End PBXSourcesBuildPhase section */

/* Begin PBXVariantGroup section */
		7BADB62A14794DEC0006905E /* InfoPlist.strings */ = {
			isa = PBXVariantGroup;
			children = (
				7BADB62B14794DEC0006905E /* en */,
			);
			name = InfoPlist.strings;
			sourceTree = "<group>";
		};
		7BADB63614794DED0006905E /* ViewController.xib */ = {
			isa = PBXVariantGroup;
			children = (
				7BADB63714794DED0006905E /* en */,
			);
			name = ViewController.xib;
			sourceTree = "<group>";
		};
/* End PBXVariantGroup section */

/* Begin XCBuildConfiguration section */
		7BADB63914794DED0006905E /* Debug */ = {
			isa = XCBuildConfiguration;
			buildSettings = {
				ALWAYS_SEARCH_USER_PATHS = NO;
				ARCHS = "$(ARCHS_STANDARD_32_BIT)";
				"CODE_SIGN_IDENTITY[sdk=iphoneos*]" = "iPhone Developer";
				COPY_PHASE_STRIP = NO;
				GCC_C_LANGUAGE_STANDARD = gnu99;
				GCC_DYNAMIC_NO_PIC = NO;
				GCC_OPTIMIZATION_LEVEL = 0;
				GCC_PREPROCESSOR_DEFINITIONS = (
					"DEBUG=1",
					"$(inherited)",
				);
				GCC_SYMBOLS_PRIVATE_EXTERN = NO;
				GCC_VERSION = com.apple.compilers.llvm.clang.1_0;
				GCC_WARN_ABOUT_MISSING_PROTOTYPES = YES;
				GCC_WARN_ABOUT_RETURN_TYPE = YES;
				GCC_WARN_UNUSED_VARIABLE = YES;
				IPHONEOS_DEPLOYMENT_TARGET = 5.0;
				SDKROOT = iphoneos;
			};
			name = Debug;
		};
		7BADB63A14794DED0006905E /* Release */ = {
			isa = XCBuildConfiguration;
			buildSettings = {
				ALWAYS_SEARCH_USER_PATHS = NO;
				ARCHS = "$(ARCHS_STANDARD_32_BIT)";
				"CODE_SIGN_IDENTITY[sdk=iphoneos*]" = "iPhone Developer";
				COPY_PHASE_STRIP = YES;
				GCC_C_LANGUAGE_STANDARD = gnu99;
				GCC_VERSION = com.apple.compilers.llvm.clang.1_0;
				GCC_WARN_ABOUT_MISSING_PROTOTYPES = YES;
				GCC_WARN_ABOUT_RETURN_TYPE = YES;
				GCC_WARN_UNUSED_VARIABLE = YES;
				IPHONEOS_DEPLOYMENT_TARGET = 5.0;
				OTHER_CFLAGS = "-DNS_BLOCK_ASSERTIONS=1";
				SDKROOT = iphoneos;
				VALIDATE_PRODUCT = YES;
			};
			name = Release;
		};
		7BADB63C14794DED0006905E /* Debug */ = {
			isa = XCBuildConfiguration;
			buildSettings = {
				GCC_PRECOMPILE_PREFIX_HEADER = YES;
				GCC_PREFIX_HEADER = "Test/Test-Prefix.pch";
				INFOPLIST_FILE = "Test/Test-Info.plist";
				IPHONEOS_DEPLOYMENT_TARGET = 4.3;
				PRODUCT_NAME = "$(TARGET_NAME)";
				RUN_CLANG_STATIC_ANALYZER = YES;
				WARNING_CFLAGS = "-Wall";
				WRAPPER_EXTENSION = app;
			};
			name = Debug;
		};
		7BADB63D14794DED0006905E /* Release */ = {
			isa = XCBuildConfiguration;
			buildSettings = {
				GCC_PRECOMPILE_PREFIX_HEADER = YES;
				GCC_PREFIX_HEADER = "Test/Test-Prefix.pch";
				INFOPLIST_FILE = "Test/Test-Info.plist";
				IPHONEOS_DEPLOYMENT_TARGET = 4.3;
				PRODUCT_NAME = "$(TARGET_NAME)";
				RUN_CLANG_STATIC_ANALYZER = YES;
				WARNING_CFLAGS = "-Wall";
				WRAPPER_EXTENSION = app;
			};
			name = Release;
		};
/* End XCBuildConfiguration section */

/* Begin XCConfigurationList section */
		7BADB61714794DEC0006905E /* Build configuration list for PBXProject "Test" */ = {
			isa = XCConfigurationList;
			buildConfigurations = (
				7BADB63914794DED0006905E /* Debug */,
				7BADB63A14794DED0006905E /* Release */,
			);
			defaultConfigurationIsVisible = 0;
			defaultConfigurationName = Release;
		};
		7BADB63B14794DED0006905E /* Build configuration list for PBXNativeTarget "Test" */ = {
			isa = XCConfigurationList;
			buildConfigurations = (
				7BADB63C14794DED0006905E /* Debug */,
				7BADB63D14794DED0006905E /* Release */,
			);
			defaultConfigurationIsVisible = 0;
			defaultConfigurationName = Release;
		};
/* End XCConfigurationList section */
	};
	rootObject = 7BADB61414794DEC0006905E /* Project object */;
}
